
Microsoft Visual Studio Solution File, Format Version 12.00
# Visual Studio Version 17
VisualStudioVersion = 17.3.32825.248
MinimumVisualStudioVersion = 10.0.40219.1
Project("{FAE04EC0-301F-11D3-BF4B-00C04F79EFBC}") = "Libreria_PJTV", "Libreria_PJTV\Libreria_PJTV.csproj", "{BE25D040-5476-4FCB-97E9-8E6A953DEBA4}"
EndProject
Global
	GlobalSection(SolutionConfigurationPlatforms) = preSolution
		Debug|Any CPU = Debug|Any CPU
		Release|Any CPU = Release|Any CPU
	EndGlobalSection
	GlobalSection(ProjectConfigurationPlatforms) = postSolution
		{BE25D040-5476-4FCB-97E9-8E6A953DEBA4}.Debug|Any CPU.ActiveCfg = Debug|Any CPU
		{BE25D040-5476-4FCB-97E9-8E6A953DEBA4}.Debug|Any CPU.Build.0 = Debug|Any CPU
		{BE25D040-5476-4FCB-97E9-8E6A953DEBA4}.Release|Any CPU.ActiveCfg = Release|Any CPU
		{BE25D040-5476-4FCB-97E9-8E6A953DEBA4}.Release|Any CPU.Build.0 = Release|Any CPU
	EndGlobalSection
	GlobalSection(SolutionProperties) = preSolution
		HideSolutionNode = FALSE
	EndGlobalSection
	GlobalSection(ExtensibilityGlobals) = postSolution
		SolutionGuid = {81613BDE-DF5F-46BF-97B7-5F58513422F1}
	EndGlobalSection
EndGlobal
